// !$*UTF8*$!
{
	archiveVersion = 1;
	classes = {
	};
	objectVersion = 51;
	objects = {

/* Begin PBXBuildFile section */
		1015D50718DA81E93E1A21AE /* Pods_MeteoTests.framework in Frameworks */ = {isa = PBXBuildFile; fileRef = A48B58A2D118737905379FC0 /* Pods_MeteoTests.framework */; };
		378B393B7259D9CCF2A418B5 /* Pods_Meteo.framework in Frameworks */ = {isa = PBXBuildFile; fileRef = 085C5584EB52D0D2C9DF8A71 /* Pods_Meteo.framework */; };
		B269B0D72348D67500B4F7DA /* AppDelegate.swift in Sources */ = {isa = PBXBuildFile; fileRef = B269B0D62348D67500B4F7DA /* AppDelegate.swift */; };
		B269B0D92348D67500B4F7DA /* SceneDelegate.swift in Sources */ = {isa = PBXBuildFile; fileRef = B269B0D82348D67500B4F7DA /* SceneDelegate.swift */; };
		B269B0E02348D67600B4F7DA /* Assets.xcassets in Resources */ = {isa = PBXBuildFile; fileRef = B269B0DF2348D67600B4F7DA /* Assets.xcassets */; };
		B269B0E32348D67600B4F7DA /* LaunchScreen.storyboard in Resources */ = {isa = PBXBuildFile; fileRef = B269B0E12348D67600B4F7DA /* LaunchScreen.storyboard */; };
		B269B0EE2348D67600B4F7DA /* MeteoTests.swift in Sources */ = {isa = PBXBuildFile; fileRef = B269B0ED2348D67600B4F7DA /* MeteoTests.swift */; };
		B269B1002348DB2900B4F7DA /* ListPresenter.swift in Sources */ = {isa = PBXBuildFile; fileRef = B269B0FA2348DB2900B4F7DA /* ListPresenter.swift */; };
		B269B1012348DB2900B4F7DA /* ListWorker.swift in Sources */ = {isa = PBXBuildFile; fileRef = B269B0FB2348DB2900B4F7DA /* ListWorker.swift */; };
		B269B1022348DB2900B4F7DA /* ListRouter.swift in Sources */ = {isa = PBXBuildFile; fileRef = B269B0FC2348DB2900B4F7DA /* ListRouter.swift */; };
		B269B1032348DB2900B4F7DA /* ListModels.swift in Sources */ = {isa = PBXBuildFile; fileRef = B269B0FD2348DB2900B4F7DA /* ListModels.swift */; };
		B269B1042348DB2900B4F7DA /* ListViewController.swift in Sources */ = {isa = PBXBuildFile; fileRef = B269B0FE2348DB2900B4F7DA /* ListViewController.swift */; };
		B269B1052348DB2900B4F7DA /* ListInteractor.swift in Sources */ = {isa = PBXBuildFile; fileRef = B269B0FF2348DB2900B4F7DA /* ListInteractor.swift */; };
		B269B10C2348DB3700B4F7DA /* DetailsPresenter.swift in Sources */ = {isa = PBXBuildFile; fileRef = B269B1062348DB3700B4F7DA /* DetailsPresenter.swift */; };
		B269B10D2348DB3700B4F7DA /* DetailsWorker.swift in Sources */ = {isa = PBXBuildFile; fileRef = B269B1072348DB3700B4F7DA /* DetailsWorker.swift */; };
		B269B10E2348DB3700B4F7DA /* DetailsRouter.swift in Sources */ = {isa = PBXBuildFile; fileRef = B269B1082348DB3700B4F7DA /* DetailsRouter.swift */; };
		B269B10F2348DB3700B4F7DA /* DetailsModels.swift in Sources */ = {isa = PBXBuildFile; fileRef = B269B1092348DB3700B4F7DA /* DetailsModels.swift */; };
		B269B1102348DB3700B4F7DA /* DetailsViewController.swift in Sources */ = {isa = PBXBuildFile; fileRef = B269B10A2348DB3700B4F7DA /* DetailsViewController.swift */; };
		B269B1112348DB3700B4F7DA /* DetailsInteractor.swift in Sources */ = {isa = PBXBuildFile; fileRef = B269B10B2348DB3700B4F7DA /* DetailsInteractor.swift */; };
		B269B1172348E39700B4F7DA /* OpenWeatherAPI.swift in Sources */ = {isa = PBXBuildFile; fileRef = B269B1162348E39700B4F7DA /* OpenWeatherAPI.swift */; };
		B269B1192348E40400B4F7DA /* Podfile in Resources */ = {isa = PBXBuildFile; fileRef = B269B1182348E40400B4F7DA /* Podfile */; };
		B269B11B2348ECF000B4F7DA /* Configuration.swift in Sources */ = {isa = PBXBuildFile; fileRef = B269B11A2348ECF000B4F7DA /* Configuration.swift */; };
		B270CEF7234A24EE005D4447 /* Main.storyboard in Resources */ = {isa = PBXBuildFile; fileRef = B270CEF6234A24EE005D4447 /* Main.storyboard */; };
		B29A13FD234A537000D3C54E /* String+Helpers.swift in Sources */ = {isa = PBXBuildFile; fileRef = B2ACFEA6234A45D900714FA9 /* String+Helpers.swift */; };
		B29A13FE234A537000D3C54E /* ListRouter.swift in Sources */ = {isa = PBXBuildFile; fileRef = B269B0FC2348DB2900B4F7DA /* ListRouter.swift */; };
		B29A13FF234A537000D3C54E /* DetailsRouter.swift in Sources */ = {isa = PBXBuildFile; fileRef = B269B1082348DB3700B4F7DA /* DetailsRouter.swift */; };
		B29A1400234A537000D3C54E /* AppDelegate.swift in Sources */ = {isa = PBXBuildFile; fileRef = B269B0D62348D67500B4F7DA /* AppDelegate.swift */; };
		B29A1401234A537000D3C54E /* ListInteractor.swift in Sources */ = {isa = PBXBuildFile; fileRef = B269B0FF2348DB2900B4F7DA /* ListInteractor.swift */; };
		B29A1402234A537000D3C54E /* ListWorker.swift in Sources */ = {isa = PBXBuildFile; fileRef = B269B0FB2348DB2900B4F7DA /* ListWorker.swift */; };
		B29A1403234A537000D3C54E /* DetailsWorker.swift in Sources */ = {isa = PBXBuildFile; fileRef = B269B1072348DB3700B4F7DA /* DetailsWorker.swift */; };
		B29A1404234A537000D3C54E /* Configuration.swift in Sources */ = {isa = PBXBuildFile; fileRef = B269B11A2348ECF000B4F7DA /* Configuration.swift */; };
		B29A1405234A537000D3C54E /* ListPresenter.swift in Sources */ = {isa = PBXBuildFile; fileRef = B269B0FA2348DB2900B4F7DA /* ListPresenter.swift */; };
		B29A1406234A537000D3C54E /* ListModels.swift in Sources */ = {isa = PBXBuildFile; fileRef = B269B0FD2348DB2900B4F7DA /* ListModels.swift */; };
		B29A1407234A537000D3C54E /* DetailsPresenter.swift in Sources */ = {isa = PBXBuildFile; fileRef = B269B1062348DB3700B4F7DA /* DetailsPresenter.swift */; };
		B29A1408234A537000D3C54E /* ForecastsStoreProtocol.swift in Sources */ = {isa = PBXBuildFile; fileRef = B2F30ADA234A3D92004C37EE /* ForecastsStoreProtocol.swift */; };
		B29A1409234A537000D3C54E /* Constants.swift in Sources */ = {isa = PBXBuildFile; fileRef = B2ACFEA8234A469D00714FA9 /* Constants.swift */; };
		B29A140A234A537000D3C54E /* DetailsInteractor.swift in Sources */ = {isa = PBXBuildFile; fileRef = B269B10B2348DB3700B4F7DA /* DetailsInteractor.swift */; };
		B29A140B234A537000D3C54E /* ListViewController.swift in Sources */ = {isa = PBXBuildFile; fileRef = B269B0FE2348DB2900B4F7DA /* ListViewController.swift */; };
		B29A140C234A537000D3C54E /* Strings.swift in Sources */ = {isa = PBXBuildFile; fileRef = B2B775D5234A395100AFD2C9 /* Strings.swift */; };
		B29A140D234A537000D3C54E /* UIViewController+Helpers.swift in Sources */ = {isa = PBXBuildFile; fileRef = B2F30ADD234A409B004C37EE /* UIViewController+Helpers.swift */; };
		B29A140E234A537000D3C54E /* OpenWeatherAPI.swift in Sources */ = {isa = PBXBuildFile; fileRef = B269B1162348E39700B4F7DA /* OpenWeatherAPI.swift */; };
		B29A140F234A537000D3C54E /* DetailsViewController.swift in Sources */ = {isa = PBXBuildFile; fileRef = B269B10A2348DB3700B4F7DA /* DetailsViewController.swift */; };
		B29A1410234A537000D3C54E /* DetailsModels.swift in Sources */ = {isa = PBXBuildFile; fileRef = B269B1092348DB3700B4F7DA /* DetailsModels.swift */; };
		B29A1411234A537000D3C54E /* SceneDelegate.swift in Sources */ = {isa = PBXBuildFile; fileRef = B269B0D82348D67500B4F7DA /* SceneDelegate.swift */; };
		B29A1413234A537000D3C54E /* Pods_Meteo.framework in Frameworks */ = {isa = PBXBuildFile; fileRef = 085C5584EB52D0D2C9DF8A71 /* Pods_Meteo.framework */; };
		B29A1415234A537000D3C54E /* Details.storyboard in Resources */ = {isa = PBXBuildFile; fileRef = B2B775CD234A32FB00AFD2C9 /* Details.storyboard */; };
		B29A1416234A537000D3C54E /* LaunchScreen.storyboard in Resources */ = {isa = PBXBuildFile; fileRef = B269B0E12348D67600B4F7DA /* LaunchScreen.storyboard */; };
		B29A1417234A537000D3C54E /* Main.storyboard in Resources */ = {isa = PBXBuildFile; fileRef = B270CEF6234A24EE005D4447 /* Main.storyboard */; };
		B29A1418234A537000D3C54E /* Podfile in Resources */ = {isa = PBXBuildFile; fileRef = B269B1182348E40400B4F7DA /* Podfile */; };
		B29A1419234A537000D3C54E /* List.storyboard in Resources */ = {isa = PBXBuildFile; fileRef = B2B775CF234A330800AFD2C9 /* List.storyboard */; };
		B29A141A234A537000D3C54E /* Assets.xcassets in Resources */ = {isa = PBXBuildFile; fileRef = B269B0DF2348D67600B4F7DA /* Assets.xcassets */; };
		B2ACFEA7234A45D900714FA9 /* String+Helpers.swift in Sources */ = {isa = PBXBuildFile; fileRef = B2ACFEA6234A45D900714FA9 /* String+Helpers.swift */; };
		B2ACFEA9234A469D00714FA9 /* Constants.swift in Sources */ = {isa = PBXBuildFile; fileRef = B2ACFEA8234A469D00714FA9 /* Constants.swift */; };
		B2B775CE234A32FB00AFD2C9 /* Details.storyboard in Resources */ = {isa = PBXBuildFile; fileRef = B2B775CD234A32FB00AFD2C9 /* Details.storyboard */; };
		B2B775D0234A330800AFD2C9 /* List.storyboard in Resources */ = {isa = PBXBuildFile; fileRef = B2B775CF234A330800AFD2C9 /* List.storyboard */; };
		B2B775D6234A395100AFD2C9 /* Strings.swift in Sources */ = {isa = PBXBuildFile; fileRef = B2B775D5234A395100AFD2C9 /* Strings.swift */; };
		B2F30ADB234A3D92004C37EE /* ForecastsStoreProtocol.swift in Sources */ = {isa = PBXBuildFile; fileRef = B2F30ADA234A3D92004C37EE /* ForecastsStoreProtocol.swift */; };
		B2F30ADE234A409B004C37EE /* UIViewController+Helpers.swift in Sources */ = {isa = PBXBuildFile; fileRef = B2F30ADD234A409B004C37EE /* UIViewController+Helpers.swift */; };
/* End PBXBuildFile section */

/* Begin PBXContainerItemProxy section */
		B269B0EA2348D67600B4F7DA /* PBXContainerItemProxy */ = {
			isa = PBXContainerItemProxy;
			containerPortal = B269B0CB2348D67500B4F7DA /* Project object */;
			proxyType = 1;
			remoteGlobalIDString = B269B0D22348D67500B4F7DA;
			remoteInfo = Meteo;
		};
/* End PBXContainerItemProxy section */

/* Begin PBXFileReference section */
		085C5584EB52D0D2C9DF8A71 /* Pods_Meteo.framework */ = {isa = PBXFileReference; explicitFileType = wrapper.framework; includeInIndex = 0; path = Pods_Meteo.framework; sourceTree = BUILT_PRODUCTS_DIR; };
		0BA39AB34AC344486C892582 /* Pods-MeteoTests.release.xcconfig */ = {isa = PBXFileReference; includeInIndex = 1; lastKnownFileType = text.xcconfig; name = "Pods-MeteoTests.release.xcconfig"; path = "Target Support Files/Pods-MeteoTests/Pods-MeteoTests.release.xcconfig"; sourceTree = "<group>"; };
		279434FE74CF24809C002404 /* Pods-Meteo.debug.xcconfig */ = {isa = PBXFileReference; includeInIndex = 1; lastKnownFileType = text.xcconfig; name = "Pods-Meteo.debug.xcconfig"; path = "Target Support Files/Pods-Meteo/Pods-Meteo.debug.xcconfig"; sourceTree = "<group>"; };
		80C5223281E7DAF3E7523AB5 /* Pods-Meteo.release.xcconfig */ = {isa = PBXFileReference; includeInIndex = 1; lastKnownFileType = text.xcconfig; name = "Pods-Meteo.release.xcconfig"; path = "Target Support Files/Pods-Meteo/Pods-Meteo.release.xcconfig"; sourceTree = "<group>"; };
		A48B58A2D118737905379FC0 /* Pods_MeteoTests.framework */ = {isa = PBXFileReference; explicitFileType = wrapper.framework; includeInIndex = 0; path = Pods_MeteoTests.framework; sourceTree = BUILT_PRODUCTS_DIR; };
		B269B0D32348D67500B4F7DA /* Meteo.app */ = {isa = PBXFileReference; explicitFileType = wrapper.application; includeInIndex = 0; path = Meteo.app; sourceTree = BUILT_PRODUCTS_DIR; };
		B269B0D62348D67500B4F7DA /* AppDelegate.swift */ = {isa = PBXFileReference; lastKnownFileType = sourcecode.swift; path = AppDelegate.swift; sourceTree = "<group>"; };
		B269B0D82348D67500B4F7DA /* SceneDelegate.swift */ = {isa = PBXFileReference; lastKnownFileType = sourcecode.swift; path = SceneDelegate.swift; sourceTree = "<group>"; };
		B269B0DF2348D67600B4F7DA /* Assets.xcassets */ = {isa = PBXFileReference; lastKnownFileType = folder.assetcatalog; path = Assets.xcassets; sourceTree = "<group>"; };
		B269B0E22348D67600B4F7DA /* Base */ = {isa = PBXFileReference; lastKnownFileType = file.storyboard; name = Base; path = Base.lproj/LaunchScreen.storyboard; sourceTree = "<group>"; };
		B269B0E42348D67600B4F7DA /* Info.plist */ = {isa = PBXFileReference; lastKnownFileType = text.plist.xml; path = Info.plist; sourceTree = "<group>"; };
		B269B0E92348D67600B4F7DA /* MeteoTests.xctest */ = {isa = PBXFileReference; explicitFileType = wrapper.cfbundle; includeInIndex = 0; path = MeteoTests.xctest; sourceTree = BUILT_PRODUCTS_DIR; };
		B269B0ED2348D67600B4F7DA /* MeteoTests.swift */ = {isa = PBXFileReference; lastKnownFileType = sourcecode.swift; path = MeteoTests.swift; sourceTree = "<group>"; };
		B269B0EF2348D67600B4F7DA /* Info.plist */ = {isa = PBXFileReference; lastKnownFileType = text.plist.xml; path = Info.plist; sourceTree = "<group>"; };
		B269B0FA2348DB2900B4F7DA /* ListPresenter.swift */ = {isa = PBXFileReference; lastKnownFileType = sourcecode.swift; path = ListPresenter.swift; sourceTree = "<group>"; };
		B269B0FB2348DB2900B4F7DA /* ListWorker.swift */ = {isa = PBXFileReference; lastKnownFileType = sourcecode.swift; path = ListWorker.swift; sourceTree = "<group>"; };
		B269B0FC2348DB2900B4F7DA /* ListRouter.swift */ = {isa = PBXFileReference; lastKnownFileType = sourcecode.swift; path = ListRouter.swift; sourceTree = "<group>"; };
		B269B0FD2348DB2900B4F7DA /* ListModels.swift */ = {isa = PBXFileReference; lastKnownFileType = sourcecode.swift; path = ListModels.swift; sourceTree = "<group>"; };
		B269B0FE2348DB2900B4F7DA /* ListViewController.swift */ = {isa = PBXFileReference; lastKnownFileType = sourcecode.swift; path = ListViewController.swift; sourceTree = "<group>"; };
		B269B0FF2348DB2900B4F7DA /* ListInteractor.swift */ = {isa = PBXFileReference; lastKnownFileType = sourcecode.swift; path = ListInteractor.swift; sourceTree = "<group>"; };
		B269B1062348DB3700B4F7DA /* DetailsPresenter.swift */ = {isa = PBXFileReference; lastKnownFileType = sourcecode.swift; path = DetailsPresenter.swift; sourceTree = "<group>"; };
		B269B1072348DB3700B4F7DA /* DetailsWorker.swift */ = {isa = PBXFileReference; lastKnownFileType = sourcecode.swift; path = DetailsWorker.swift; sourceTree = "<group>"; };
		B269B1082348DB3700B4F7DA /* DetailsRouter.swift */ = {isa = PBXFileReference; lastKnownFileType = sourcecode.swift; path = DetailsRouter.swift; sourceTree = "<group>"; };
		B269B1092348DB3700B4F7DA /* DetailsModels.swift */ = {isa = PBXFileReference; lastKnownFileType = sourcecode.swift; path = DetailsModels.swift; sourceTree = "<group>"; };
		B269B10A2348DB3700B4F7DA /* DetailsViewController.swift */ = {isa = PBXFileReference; lastKnownFileType = sourcecode.swift; path = DetailsViewController.swift; sourceTree = "<group>"; };
		B269B10B2348DB3700B4F7DA /* DetailsInteractor.swift */ = {isa = PBXFileReference; lastKnownFileType = sourcecode.swift; path = DetailsInteractor.swift; sourceTree = "<group>"; };
		B269B1162348E39700B4F7DA /* OpenWeatherAPI.swift */ = {isa = PBXFileReference; lastKnownFileType = sourcecode.swift; path = OpenWeatherAPI.swift; sourceTree = "<group>"; };
		B269B1182348E40400B4F7DA /* Podfile */ = {isa = PBXFileReference; fileEncoding = 4; lastKnownFileType = text; name = Podfile; path = Meteo/Ressources/Configuration/Podfile; sourceTree = SOURCE_ROOT; xcLanguageSpecificationIdentifier = xcode.lang.ruby; };
		B269B11A2348ECF000B4F7DA /* Configuration.swift */ = {isa = PBXFileReference; lastKnownFileType = sourcecode.swift; path = Configuration.swift; sourceTree = "<group>"; };
		B270CEF6234A24EE005D4447 /* Main.storyboard */ = {isa = PBXFileReference; lastKnownFileType = file.storyboard; path = Main.storyboard; sourceTree = "<group>"; };
		B29A141F234A537000D3C54E /* Meteo_debug.app */ = {isa = PBXFileReference; explicitFileType = wrapper.application; includeInIndex = 0; path = Meteo_debug.app; sourceTree = BUILT_PRODUCTS_DIR; };
		B29A1420234A537000D3C54E /* Meteo_debug-Info.plist */ = {isa = PBXFileReference; lastKnownFileType = text.plist.xml; name = "Meteo_debug-Info.plist"; path = "/Users/fromagecharley/Documents/Work/Projects/Examples/Meteo/Meteo/Meteo_debug-Info.plist"; sourceTree = "<absolute>"; };
		B2ACFEA6234A45D900714FA9 /* String+Helpers.swift */ = {isa = PBXFileReference; lastKnownFileType = sourcecode.swift; path = "String+Helpers.swift"; sourceTree = "<group>"; };
		B2ACFEA8234A469D00714FA9 /* Constants.swift */ = {isa = PBXFileReference; lastKnownFileType = sourcecode.swift; path = Constants.swift; sourceTree = "<group>"; };
		B2B775CD234A32FB00AFD2C9 /* Details.storyboard */ = {isa = PBXFileReference; fileEncoding = 4; lastKnownFileType = file.storyboard; path = Details.storyboard; sourceTree = "<group>"; };
		B2B775CF234A330800AFD2C9 /* List.storyboard */ = {isa = PBXFileReference; fileEncoding = 4; lastKnownFileType = file.storyboard; path = List.storyboard; sourceTree = "<group>"; };
		B2B775D5234A395100AFD2C9 /* Strings.swift */ = {isa = PBXFileReference; lastKnownFileType = sourcecode.swift; path = Strings.swift; sourceTree = "<group>"; };
		B2F30ADA234A3D92004C37EE /* ForecastsStoreProtocol.swift */ = {isa = PBXFileReference; lastKnownFileType = sourcecode.swift; path = ForecastsStoreProtocol.swift; sourceTree = "<group>"; };
		B2F30ADD234A409B004C37EE /* UIViewController+Helpers.swift */ = {isa = PBXFileReference; lastKnownFileType = sourcecode.swift; path = "UIViewController+Helpers.swift"; sourceTree = "<group>"; };
		E22CF4EAA599FDA0C7F84623 /* Pods-MeteoTests.debug.xcconfig */ = {isa = PBXFileReference; includeInIndex = 1; lastKnownFileType = text.xcconfig; name = "Pods-MeteoTests.debug.xcconfig"; path = "Target Support Files/Pods-MeteoTests/Pods-MeteoTests.debug.xcconfig"; sourceTree = "<group>"; };
/* End PBXFileReference section */

/* Begin PBXFrameworksBuildPhase section */
		B269B0D02348D67500B4F7DA /* Frameworks */ = {
			isa = PBXFrameworksBuildPhase;
			buildActionMask = 2147483647;
			files = (
				378B393B7259D9CCF2A418B5 /* Pods_Meteo.framework in Frameworks */,
			);
			runOnlyForDeploymentPostprocessing = 0;
		};
		B269B0E62348D67600B4F7DA /* Frameworks */ = {
			isa = PBXFrameworksBuildPhase;
			buildActionMask = 2147483647;
			files = (
				1015D50718DA81E93E1A21AE /* Pods_MeteoTests.framework in Frameworks */,
			);
			runOnlyForDeploymentPostprocessing = 0;
		};
		B29A1412234A537000D3C54E /* Frameworks */ = {
			isa = PBXFrameworksBuildPhase;
			buildActionMask = 2147483647;
			files = (
				B29A1413234A537000D3C54E /* Pods_Meteo.framework in Frameworks */,
			);
			runOnlyForDeploymentPostprocessing = 0;
		};
/* End PBXFrameworksBuildPhase section */

/* Begin PBXGroup section */
		4F8B3B5875BA1DB126AAC5C0 /* Pods */ = {
			isa = PBXGroup;
			children = (
				279434FE74CF24809C002404 /* Pods-Meteo.debug.xcconfig */,
				80C5223281E7DAF3E7523AB5 /* Pods-Meteo.release.xcconfig */,
				E22CF4EAA599FDA0C7F84623 /* Pods-MeteoTests.debug.xcconfig */,
				0BA39AB34AC344486C892582 /* Pods-MeteoTests.release.xcconfig */,
			);
			path = Pods;
			sourceTree = "<group>";
		};
		93AABB525E3301F5E344B529 /* Frameworks */ = {
			isa = PBXGroup;
			children = (
				085C5584EB52D0D2C9DF8A71 /* Pods_Meteo.framework */,
				A48B58A2D118737905379FC0 /* Pods_MeteoTests.framework */,
			);
			name = Frameworks;
			sourceTree = "<group>";
		};
		B269B0CA2348D67500B4F7DA = {
			isa = PBXGroup;
			children = (
				B269B0D52348D67500B4F7DA /* Meteo */,
				B269B0EC2348D67600B4F7DA /* MeteoTests */,
				B269B0D42348D67500B4F7DA /* Products */,
				4F8B3B5875BA1DB126AAC5C0 /* Pods */,
				93AABB525E3301F5E344B529 /* Frameworks */,
			);
			sourceTree = "<group>";
		};
		B269B0D42348D67500B4F7DA /* Products */ = {
			isa = PBXGroup;
			children = (
				B269B0D32348D67500B4F7DA /* Meteo.app */,
				B269B0E92348D67600B4F7DA /* MeteoTests.xctest */,
				B29A141F234A537000D3C54E /* Meteo_debug.app */,
			);
			name = Products;
			sourceTree = "<group>";
		};
		B269B0D52348D67500B4F7DA /* Meteo */ = {
			isa = PBXGroup;
			children = (
				B269B0D62348D67500B4F7DA /* AppDelegate.swift */,
				B269B0D82348D67500B4F7DA /* SceneDelegate.swift */,
				B269B1152348E37E00B4F7DA /* Services */,
				B2B775D7234A39A100AFD2C9 /* Screens */,
				B2B775D1234A390000AFD2C9 /* Ressources */,
				B2F30ADC234A4080004C37EE /* Utility */,
			);
			path = Meteo;
			sourceTree = "<group>";
		};
		B269B0EC2348D67600B4F7DA /* MeteoTests */ = {
			isa = PBXGroup;
			children = (
				B269B0ED2348D67600B4F7DA /* MeteoTests.swift */,
				B269B0EF2348D67600B4F7DA /* Info.plist */,
			);
			path = MeteoTests;
			sourceTree = "<group>";
		};
		B269B0F82348DA7C00B4F7DA /* List */ = {
			isa = PBXGroup;
			children = (
				B2B775CF234A330800AFD2C9 /* List.storyboard */,
				B269B0FC2348DB2900B4F7DA /* ListRouter.swift */,
				B269B0FA2348DB2900B4F7DA /* ListPresenter.swift */,
				B269B0FE2348DB2900B4F7DA /* ListViewController.swift */,
				B269B0FF2348DB2900B4F7DA /* ListInteractor.swift */,
				B269B0FB2348DB2900B4F7DA /* ListWorker.swift */,
				B269B0FD2348DB2900B4F7DA /* ListModels.swift */,
			);
			path = List;
			sourceTree = "<group>";
		};
		B269B0F92348DA8100B4F7DA /* Details */ = {
			isa = PBXGroup;
			children = (
				B2B775CD234A32FB00AFD2C9 /* Details.storyboard */,
				B269B1082348DB3700B4F7DA /* DetailsRouter.swift */,
				B269B1062348DB3700B4F7DA /* DetailsPresenter.swift */,
				B269B10A2348DB3700B4F7DA /* DetailsViewController.swift */,
				B269B10B2348DB3700B4F7DA /* DetailsInteractor.swift */,
				B269B1072348DB3700B4F7DA /* DetailsWorker.swift */,
				B269B1092348DB3700B4F7DA /* DetailsModels.swift */,
			);
			path = Details;
			sourceTree = "<group>";
		};
		B269B1152348E37E00B4F7DA /* Services */ = {
			isa = PBXGroup;
			children = (
				B269B1162348E39700B4F7DA /* OpenWeatherAPI.swift */,
				B2F30ADA234A3D92004C37EE /* ForecastsStoreProtocol.swift */,
			);
			path = Services;
			sourceTree = "<group>";
		};
		B2B775D1234A390000AFD2C9 /* Ressources */ = {
			isa = PBXGroup;
			children = (
				B269B0DF2348D67600B4F7DA /* Assets.xcassets */,
				B2B775D4234A393A00AFD2C9 /* Configuration */,
				B2B775D2234A391B00AFD2C9 /* Constants */,
				B2B775D3234A392800AFD2C9 /* Storyboards */,
			);
			path = Ressources;
			sourceTree = "<group>";
		};
		B2B775D2234A391B00AFD2C9 /* Constants */ = {
			isa = PBXGroup;
			children = (
				B2B775D5234A395100AFD2C9 /* Strings.swift */,
				B2ACFEA8234A469D00714FA9 /* Constants.swift */,
			);
			path = Constants;
			sourceTree = "<group>";
		};
		B2B775D3234A392800AFD2C9 /* Storyboards */ = {
			isa = PBXGroup;
			children = (
				B269B0E12348D67600B4F7DA /* LaunchScreen.storyboard */,
				B270CEF6234A24EE005D4447 /* Main.storyboard */,
			);
			path = Storyboards;
			sourceTree = "<group>";
		};
		B2B775D4234A393A00AFD2C9 /* Configuration */ = {
			isa = PBXGroup;
			children = (
				B269B11A2348ECF000B4F7DA /* Configuration.swift */,
				B269B0E42348D67600B4F7DA /* Info.plist */,
				B29A1420234A537000D3C54E /* Meteo_debug-Info.plist */,
				B269B1182348E40400B4F7DA /* Podfile */,
			);
			path = Configuration;
			sourceTree = "<group>";
		};
		B2B775D7234A39A100AFD2C9 /* Screens */ = {
			isa = PBXGroup;
			children = (
				B269B0F82348DA7C00B4F7DA /* List */,
				B269B0F92348DA8100B4F7DA /* Details */,
			);
			path = Screens;
			sourceTree = "<group>";
		};
		B2F30ADC234A4080004C37EE /* Utility */ = {
			isa = PBXGroup;
			children = (
				B2F30ADF234A409F004C37EE /* Helpers */,
			);
			path = Utility;
			sourceTree = "<group>";
		};
		B2F30ADF234A409F004C37EE /* Helpers */ = {
			isa = PBXGroup;
			children = (
				B2F30ADD234A409B004C37EE /* UIViewController+Helpers.swift */,
				B2ACFEA6234A45D900714FA9 /* String+Helpers.swift */,
			);
			path = Helpers;
			sourceTree = "<group>";
		};
/* End PBXGroup section */

/* Begin PBXNativeTarget section */
		B269B0D22348D67500B4F7DA /* Meteo */ = {
			isa = PBXNativeTarget;
			buildConfigurationList = B269B0F22348D67600B4F7DA /* Build configuration list for PBXNativeTarget "Meteo" */;
			buildPhases = (
				3DDB6E4D3757A3F58BBF7E41 /* [CP] Check Pods Manifest.lock */,
				B269B0CF2348D67500B4F7DA /* Sources */,
				B269B0D02348D67500B4F7DA /* Frameworks */,
				B269B0D12348D67500B4F7DA /* Resources */,
				575D29E9ADE6B9BD6A5BA58F /* [CP] Embed Pods Frameworks */,
			);
			buildRules = (
			);
			dependencies = (
			);
			name = Meteo;
			productName = Meteo;
			productReference = B269B0D32348D67500B4F7DA /* Meteo.app */;
			productType = "com.apple.product-type.application";
		};
		B269B0E82348D67600B4F7DA /* MeteoTests */ = {
			isa = PBXNativeTarget;
			buildConfigurationList = B269B0F52348D67600B4F7DA /* Build configuration list for PBXNativeTarget "MeteoTests" */;
			buildPhases = (
				3A83766F0263694E7FA9C013 /* [CP] Check Pods Manifest.lock */,
				B269B0E52348D67600B4F7DA /* Sources */,
				B269B0E62348D67600B4F7DA /* Frameworks */,
				B269B0E72348D67600B4F7DA /* Resources */,
				F49ADB71519B45901C004621 /* [CP] Embed Pods Frameworks */,
			);
			buildRules = (
			);
			dependencies = (
				B269B0EB2348D67600B4F7DA /* PBXTargetDependency */,
			);
			name = MeteoTests;
			productName = MeteoTests;
			productReference = B269B0E92348D67600B4F7DA /* MeteoTests.xctest */;
			productType = "com.apple.product-type.bundle.unit-test";
		};
		B29A13FA234A537000D3C54E /* Meteo_debug */ = {
			isa = PBXNativeTarget;
			buildConfigurationList = B29A141C234A537000D3C54E /* Build configuration list for PBXNativeTarget "Meteo_debug" */;
			buildPhases = (
				B29A13FB234A537000D3C54E /* [CP] Check Pods Manifest.lock */,
				B29A13FC234A537000D3C54E /* Sources */,
				B29A1412234A537000D3C54E /* Frameworks */,
				B29A1414234A537000D3C54E /* Resources */,
				B29A141B234A537000D3C54E /* [CP] Embed Pods Frameworks */,
			);
			buildRules = (
			);
			dependencies = (
			);
			name = Meteo_debug;
			productName = Meteo;
			productReference = B29A141F234A537000D3C54E /* Meteo_debug.app */;
			productType = "com.apple.product-type.application";
		};
/* End PBXNativeTarget section */

/* Begin PBXProject section */
		B269B0CB2348D67500B4F7DA /* Project object */ = {
			isa = PBXProject;
			attributes = {
				LastSwiftUpdateCheck = 1100;
				LastUpgradeCheck = 1100;
				ORGANIZATIONNAME = "Fromage Charley";
				TargetAttributes = {
					B269B0D22348D67500B4F7DA = {
						CreatedOnToolsVersion = 11.0;
					};
					B269B0E82348D67600B4F7DA = {
						CreatedOnToolsVersion = 11.0;
						TestTargetID = B269B0D22348D67500B4F7DA;
					};
				};
			};
			buildConfigurationList = B269B0CE2348D67500B4F7DA /* Build configuration list for PBXProject "Meteo" */;
			compatibilityVersion = "Xcode 9.3";
			developmentRegion = en;
			hasScannedForEncodings = 0;
			knownRegions = (
				en,
				Base,
			);
			mainGroup = B269B0CA2348D67500B4F7DA;
			productRefGroup = B269B0D42348D67500B4F7DA /* Products */;
			projectDirPath = "";
			projectRoot = "";
			targets = (
				B269B0D22348D67500B4F7DA /* Meteo */,
				B269B0E82348D67600B4F7DA /* MeteoTests */,
				B29A13FA234A537000D3C54E /* Meteo_debug */,
			);
		};
/* End PBXProject section */

/* Begin PBXResourcesBuildPhase section */
		B269B0D12348D67500B4F7DA /* Resources */ = {
			isa = PBXResourcesBuildPhase;
			buildActionMask = 2147483647;
			files = (
				B2B775CE234A32FB00AFD2C9 /* Details.storyboard in Resources */,
				B269B0E32348D67600B4F7DA /* LaunchScreen.storyboard in Resources */,
				B270CEF7234A24EE005D4447 /* Main.storyboard in Resources */,
				B269B1192348E40400B4F7DA /* Podfile in Resources */,
				B2B775D0234A330800AFD2C9 /* List.storyboard in Resources */,
				B269B0E02348D67600B4F7DA /* Assets.xcassets in Resources */,
			);
			runOnlyForDeploymentPostprocessing = 0;
		};
		B269B0E72348D67600B4F7DA /* Resources */ = {
			isa = PBXResourcesBuildPhase;
			buildActionMask = 2147483647;
			files = (
			);
			runOnlyForDeploymentPostprocessing = 0;
		};
		B29A1414234A537000D3C54E /* Resources */ = {
			isa = PBXResourcesBuildPhase;
			buildActionMask = 2147483647;
			files = (
				B29A1415234A537000D3C54E /* Details.storyboard in Resources */,
				B29A1416234A537000D3C54E /* LaunchScreen.storyboard in Resources */,
				B29A1417234A537000D3C54E /* Main.storyboard in Resources */,
				B29A1418234A537000D3C54E /* Podfile in Resources */,
				B29A1419234A537000D3C54E /* List.storyboard in Resources */,
				B29A141A234A537000D3C54E /* Assets.xcassets in Resources */,
			);
			runOnlyForDeploymentPostprocessing = 0;
		};
/* End PBXResourcesBuildPhase section */

/* Begin PBXShellScriptBuildPhase section */
		3A83766F0263694E7FA9C013 /* [CP] Check Pods Manifest.lock */ = {
			isa = PBXShellScriptBuildPhase;
			buildActionMask = 2147483647;
			files = (
			);
			inputFileListPaths = (
			);
			inputPaths = (
				"${PODS_PODFILE_DIR_PATH}/Podfile.lock",
				"${PODS_ROOT}/Manifest.lock",
			);
			name = "[CP] Check Pods Manifest.lock";
			outputFileListPaths = (
			);
			outputPaths = (
				"$(DERIVED_FILE_DIR)/Pods-MeteoTests-checkManifestLockResult.txt",
			);
			runOnlyForDeploymentPostprocessing = 0;
			shellPath = /bin/sh;
			shellScript = "diff \"${PODS_PODFILE_DIR_PATH}/Podfile.lock\" \"${PODS_ROOT}/Manifest.lock\" > /dev/null\nif [ $? != 0 ] ; then\n    # print error to STDERR\n    echo \"error: The sandbox is not in sync with the Podfile.lock. Run 'pod install' or update your CocoaPods installation.\" >&2\n    exit 1\nfi\n# This output is used by Xcode 'outputs' to avoid re-running this script phase.\necho \"SUCCESS\" > \"${SCRIPT_OUTPUT_FILE_0}\"\n";
			showEnvVarsInLog = 0;
		};
		3DDB6E4D3757A3F58BBF7E41 /* [CP] Check Pods Manifest.lock */ = {
			isa = PBXShellScriptBuildPhase;
			buildActionMask = 2147483647;
			files = (
			);
			inputFileListPaths = (
			);
			inputPaths = (
				"${PODS_PODFILE_DIR_PATH}/Podfile.lock",
				"${PODS_ROOT}/Manifest.lock",
			);
			name = "[CP] Check Pods Manifest.lock";
			outputFileListPaths = (
			);
			outputPaths = (
				"$(DERIVED_FILE_DIR)/Pods-Meteo-checkManifestLockResult.txt",
			);
			runOnlyForDeploymentPostprocessing = 0;
			shellPath = /bin/sh;
			shellScript = "diff \"${PODS_PODFILE_DIR_PATH}/Podfile.lock\" \"${PODS_ROOT}/Manifest.lock\" > /dev/null\nif [ $? != 0 ] ; then\n    # print error to STDERR\n    echo \"error: The sandbox is not in sync with the Podfile.lock. Run 'pod install' or update your CocoaPods installation.\" >&2\n    exit 1\nfi\n# This output is used by Xcode 'outputs' to avoid re-running this script phase.\necho \"SUCCESS\" > \"${SCRIPT_OUTPUT_FILE_0}\"\n";
			showEnvVarsInLog = 0;
		};
		575D29E9ADE6B9BD6A5BA58F /* [CP] Embed Pods Frameworks */ = {
			isa = PBXShellScriptBuildPhase;
			buildActionMask = 2147483647;
			files = (
			);
			inputFileListPaths = (
				"${PODS_ROOT}/Target Support Files/Pods-Meteo/Pods-Meteo-frameworks-${CONFIGURATION}-input-files.xcfilelist",
			);
			name = "[CP] Embed Pods Frameworks";
			outputFileListPaths = (
				"${PODS_ROOT}/Target Support Files/Pods-Meteo/Pods-Meteo-frameworks-${CONFIGURATION}-output-files.xcfilelist",
			);
			runOnlyForDeploymentPostprocessing = 0;
			shellPath = /bin/sh;
			shellScript = "\"${PODS_ROOT}/Target Support Files/Pods-Meteo/Pods-Meteo-frameworks.sh\"\n";
			showEnvVarsInLog = 0;
		};
		B29A13FB234A537000D3C54E /* [CP] Check Pods Manifest.lock */ = {
			isa = PBXShellScriptBuildPhase;
			buildActionMask = 2147483647;
			files = (
			);
			inputFileListPaths = (
			);
			inputPaths = (
				"${PODS_PODFILE_DIR_PATH}/Podfile.lock",
				"${PODS_ROOT}/Manifest.lock",
			);
			name = "[CP] Check Pods Manifest.lock";
			outputFileListPaths = (
			);
			outputPaths = (
				"$(DERIVED_FILE_DIR)/Pods-Meteo-checkManifestLockResult.txt",
			);
			runOnlyForDeploymentPostprocessing = 0;
			shellPath = /bin/sh;
			shellScript = "diff \"${PODS_PODFILE_DIR_PATH}/Podfile.lock\" \"${PODS_ROOT}/Manifest.lock\" > /dev/null\nif [ $? != 0 ] ; then\n    # print error to STDERR\n    echo \"error: The sandbox is not in sync with the Podfile.lock. Run 'pod install' or update your CocoaPods installation.\" >&2\n    exit 1\nfi\n# This output is used by Xcode 'outputs' to avoid re-running this script phase.\necho \"SUCCESS\" > \"${SCRIPT_OUTPUT_FILE_0}\"\n";
			showEnvVarsInLog = 0;
		};
		B29A141B234A537000D3C54E /* [CP] Embed Pods Frameworks */ = {
			isa = PBXShellScriptBuildPhase;
			buildActionMask = 2147483647;
			files = (
			);
			inputFileListPaths = (
				"${PODS_ROOT}/Target Support Files/Pods-Meteo/Pods-Meteo-frameworks-${CONFIGURATION}-input-files.xcfilelist",
			);
			name = "[CP] Embed Pods Frameworks";
			outputFileListPaths = (
				"${PODS_ROOT}/Target Support Files/Pods-Meteo/Pods-Meteo-frameworks-${CONFIGURATION}-output-files.xcfilelist",
			);
			runOnlyForDeploymentPostprocessing = 0;
			shellPath = /bin/sh;
			shellScript = "\"${PODS_ROOT}/Target Support Files/Pods-Meteo/Pods-Meteo-frameworks.sh\"\n";
			showEnvVarsInLog = 0;
		};
		F49ADB71519B45901C004621 /* [CP] Embed Pods Frameworks */ = {
			isa = PBXShellScriptBuildPhase;
			buildActionMask = 2147483647;
			files = (
			);
			inputFileListPaths = (
				"${PODS_ROOT}/Target Support Files/Pods-MeteoTests/Pods-MeteoTests-frameworks-${CONFIGURATION}-input-files.xcfilelist",
			);
			name = "[CP] Embed Pods Frameworks";
			outputFileListPaths = (
				"${PODS_ROOT}/Target Support Files/Pods-MeteoTests/Pods-MeteoTests-frameworks-${CONFIGURATION}-output-files.xcfilelist",
			);
			runOnlyForDeploymentPostprocessing = 0;
			shellPath = /bin/sh;
			shellScript = "\"${PODS_ROOT}/Target Support Files/Pods-MeteoTests/Pods-MeteoTests-frameworks.sh\"\n";
			showEnvVarsInLog = 0;
		};
/* End PBXShellScriptBuildPhase section */

/* Begin PBXSourcesBuildPhase section */
		B269B0CF2348D67500B4F7DA /* Sources */ = {
			isa = PBXSourcesBuildPhase;
			buildActionMask = 2147483647;
			files = (
				B2ACFEA7234A45D900714FA9 /* String+Helpers.swift in Sources */,
				B269B1022348DB2900B4F7DA /* ListRouter.swift in Sources */,
				B269B10E2348DB3700B4F7DA /* DetailsRouter.swift in Sources */,
				B269B0D72348D67500B4F7DA /* AppDelegate.swift in Sources */,
				B269B1052348DB2900B4F7DA /* ListInteractor.swift in Sources */,
				B269B1012348DB2900B4F7DA /* ListWorker.swift in Sources */,
				B269B10D2348DB3700B4F7DA /* DetailsWorker.swift in Sources */,
				B269B11B2348ECF000B4F7DA /* Configuration.swift in Sources */,
				B269B1002348DB2900B4F7DA /* ListPresenter.swift in Sources */,
				B269B1032348DB2900B4F7DA /* ListModels.swift in Sources */,
				B269B10C2348DB3700B4F7DA /* DetailsPresenter.swift in Sources */,
				B2F30ADB234A3D92004C37EE /* ForecastsStoreProtocol.swift in Sources */,
				B2ACFEA9234A469D00714FA9 /* Constants.swift in Sources */,
				B269B1112348DB3700B4F7DA /* DetailsInteractor.swift in Sources */,
				B269B1042348DB2900B4F7DA /* ListViewController.swift in Sources */,
				B2B775D6234A395100AFD2C9 /* Strings.swift in Sources */,
				B2F30ADE234A409B004C37EE /* UIViewController+Helpers.swift in Sources */,
				B269B1172348E39700B4F7DA /* OpenWeatherAPI.swift in Sources */,
				B269B1102348DB3700B4F7DA /* DetailsViewController.swift in Sources */,
				B269B10F2348DB3700B4F7DA /* DetailsModels.swift in Sources */,
				B269B0D92348D67500B4F7DA /* SceneDelegate.swift in Sources */,
			);
			runOnlyForDeploymentPostprocessing = 0;
		};
		B269B0E52348D67600B4F7DA /* Sources */ = {
			isa = PBXSourcesBuildPhase;
			buildActionMask = 2147483647;
			files = (
				B269B0EE2348D67600B4F7DA /* MeteoTests.swift in Sources */,
			);
			runOnlyForDeploymentPostprocessing = 0;
		};
		B29A13FC234A537000D3C54E /* Sources */ = {
			isa = PBXSourcesBuildPhase;
			buildActionMask = 2147483647;
			files = (
				B29A13FD234A537000D3C54E /* String+Helpers.swift in Sources */,
				B29A13FE234A537000D3C54E /* ListRouter.swift in Sources */,
				B29A13FF234A537000D3C54E /* DetailsRouter.swift in Sources */,
				B29A1400234A537000D3C54E /* AppDelegate.swift in Sources */,
				B29A1401234A537000D3C54E /* ListInteractor.swift in Sources */,
				B29A1402234A537000D3C54E /* ListWorker.swift in Sources */,
				B29A1403234A537000D3C54E /* DetailsWorker.swift in Sources */,
				B29A1404234A537000D3C54E /* Configuration.swift in Sources */,
				B29A1405234A537000D3C54E /* ListPresenter.swift in Sources */,
				B29A1406234A537000D3C54E /* ListModels.swift in Sources */,
				B29A1407234A537000D3C54E /* DetailsPresenter.swift in Sources */,
				B29A1408234A537000D3C54E /* ForecastsStoreProtocol.swift in Sources */,
				B29A1409234A537000D3C54E /* Constants.swift in Sources */,
				B29A140A234A537000D3C54E /* DetailsInteractor.swift in Sources */,
				B29A140B234A537000D3C54E /* ListViewController.swift in Sources */,
				B29A140C234A537000D3C54E /* Strings.swift in Sources */,
				B29A140D234A537000D3C54E /* UIViewController+Helpers.swift in Sources */,
				B29A140E234A537000D3C54E /* OpenWeatherAPI.swift in Sources */,
				B29A140F234A537000D3C54E /* DetailsViewController.swift in Sources */,
				B29A1410234A537000D3C54E /* DetailsModels.swift in Sources */,
				B29A1411234A537000D3C54E /* SceneDelegate.swift in Sources */,
			);
			runOnlyForDeploymentPostprocessing = 0;
		};
/* End PBXSourcesBuildPhase section */

/* Begin PBXTargetDependency section */
		B269B0EB2348D67600B4F7DA /* PBXTargetDependency */ = {
			isa = PBXTargetDependency;
			target = B269B0D22348D67500B4F7DA /* Meteo */;
			targetProxy = B269B0EA2348D67600B4F7DA /* PBXContainerItemProxy */;
		};
/* End PBXTargetDependency section */

/* Begin PBXVariantGroup section */
		B269B0E12348D67600B4F7DA /* LaunchScreen.storyboard */ = {
			isa = PBXVariantGroup;
			children = (
				B269B0E22348D67600B4F7DA /* Base */,
			);
			name = LaunchScreen.storyboard;
			sourceTree = "<group>";
		};
/* End PBXVariantGroup section */

/* Begin XCBuildConfiguration section */
		B269B0F02348D67600B4F7DA /* Debug */ = {
			isa = XCBuildConfiguration;
			buildSettings = {
				ALWAYS_SEARCH_USER_PATHS = NO;
				CLANG_ANALYZER_NONNULL = YES;
				CLANG_ANALYZER_NUMBER_OBJECT_CONVERSION = YES_AGGRESSIVE;
				CLANG_CXX_LANGUAGE_STANDARD = "gnu++14";
				CLANG_CXX_LIBRARY = "libc++";
				CLANG_ENABLE_MODULES = YES;
				CLANG_ENABLE_OBJC_ARC = YES;
				CLANG_ENABLE_OBJC_WEAK = YES;
				CLANG_WARN_BLOCK_CAPTURE_AUTORELEASING = YES;
				CLANG_WARN_BOOL_CONVERSION = YES;
				CLANG_WARN_COMMA = YES;
				CLANG_WARN_CONSTANT_CONVERSION = YES;
				CLANG_WARN_DEPRECATED_OBJC_IMPLEMENTATIONS = YES;
				CLANG_WARN_DIRECT_OBJC_ISA_USAGE = YES_ERROR;
				CLANG_WARN_DOCUMENTATION_COMMENTS = YES;
				CLANG_WARN_EMPTY_BODY = YES;
				CLANG_WARN_ENUM_CONVERSION = YES;
				CLANG_WARN_INFINITE_RECURSION = YES;
				CLANG_WARN_INT_CONVERSION = YES;
				CLANG_WARN_NON_LITERAL_NULL_CONVERSION = YES;
				CLANG_WARN_OBJC_IMPLICIT_RETAIN_SELF = YES;
				CLANG_WARN_OBJC_LITERAL_CONVERSION = YES;
				CLANG_WARN_OBJC_ROOT_CLASS = YES_ERROR;
				CLANG_WARN_RANGE_LOOP_ANALYSIS = YES;
				CLANG_WARN_STRICT_PROTOTYPES = YES;
				CLANG_WARN_SUSPICIOUS_MOVE = YES;
				CLANG_WARN_UNGUARDED_AVAILABILITY = YES_AGGRESSIVE;
				CLANG_WARN_UNREACHABLE_CODE = YES;
				CLANG_WARN__DUPLICATE_METHOD_MATCH = YES;
				COPY_PHASE_STRIP = NO;
				DEBUG_INFORMATION_FORMAT = dwarf;
				ENABLE_STRICT_OBJC_MSGSEND = YES;
				ENABLE_TESTABILITY = YES;
				GCC_C_LANGUAGE_STANDARD = gnu11;
				GCC_DYNAMIC_NO_PIC = NO;
				GCC_NO_COMMON_BLOCKS = YES;
				GCC_OPTIMIZATION_LEVEL = 0;
				GCC_PREPROCESSOR_DEFINITIONS = (
					"DEBUG=1",
					"$(inherited)",
				);
				GCC_WARN_64_TO_32_BIT_CONVERSION = YES;
				GCC_WARN_ABOUT_RETURN_TYPE = YES_ERROR;
				GCC_WARN_UNDECLARED_SELECTOR = YES;
				GCC_WARN_UNINITIALIZED_AUTOS = YES_AGGRESSIVE;
				GCC_WARN_UNUSED_FUNCTION = YES;
				GCC_WARN_UNUSED_VARIABLE = YES;
				IPHONEOS_DEPLOYMENT_TARGET = 13.0;
				MTL_ENABLE_DEBUG_INFO = INCLUDE_SOURCE;
				MTL_FAST_MATH = YES;
				ONLY_ACTIVE_ARCH = YES;
				SDKROOT = iphoneos;
				SWIFT_ACTIVE_COMPILATION_CONDITIONS = DEBUG;
				SWIFT_OPTIMIZATION_LEVEL = "-Onone";
			};
			name = Debug;
		};
		B269B0F12348D67600B4F7DA /* Release */ = {
			isa = XCBuildConfiguration;
			buildSettings = {
				ALWAYS_SEARCH_USER_PATHS = NO;
				CLANG_ANALYZER_NONNULL = YES;
				CLANG_ANALYZER_NUMBER_OBJECT_CONVERSION = YES_AGGRESSIVE;
				CLANG_CXX_LANGUAGE_STANDARD = "gnu++14";
				CLANG_CXX_LIBRARY = "libc++";
				CLANG_ENABLE_MODULES = YES;
				CLANG_ENABLE_OBJC_ARC = YES;
				CLANG_ENABLE_OBJC_WEAK = YES;
				CLANG_WARN_BLOCK_CAPTURE_AUTORELEASING = YES;
				CLANG_WARN_BOOL_CONVERSION = YES;
				CLANG_WARN_COMMA = YES;
				CLANG_WARN_CONSTANT_CONVERSION = YES;
				CLANG_WARN_DEPRECATED_OBJC_IMPLEMENTATIONS = YES;
				CLANG_WARN_DIRECT_OBJC_ISA_USAGE = YES_ERROR;
				CLANG_WARN_DOCUMENTATION_COMMENTS = YES;
				CLANG_WARN_EMPTY_BODY = YES;
				CLANG_WARN_ENUM_CONVERSION = YES;
				CLANG_WARN_INFINITE_RECURSION = YES;
				CLANG_WARN_INT_CONVERSION = YES;
				CLANG_WARN_NON_LITERAL_NULL_CONVERSION = YES;
				CLANG_WARN_OBJC_IMPLICIT_RETAIN_SELF = YES;
				CLANG_WARN_OBJC_LITERAL_CONVERSION = YES;
				CLANG_WARN_OBJC_ROOT_CLASS = YES_ERROR;
				CLANG_WARN_RANGE_LOOP_ANALYSIS = YES;
				CLANG_WARN_STRICT_PROTOTYPES = YES;
				CLANG_WARN_SUSPICIOUS_MOVE = YES;
				CLANG_WARN_UNGUARDED_AVAILABILITY = YES_AGGRESSIVE;
				CLANG_WARN_UNREACHABLE_CODE = YES;
				CLANG_WARN__DUPLICATE_METHOD_MATCH = YES;
				COPY_PHASE_STRIP = NO;
				DEBUG_INFORMATION_FORMAT = "dwarf-with-dsym";
				ENABLE_NS_ASSERTIONS = NO;
				ENABLE_STRICT_OBJC_MSGSEND = YES;
				GCC_C_LANGUAGE_STANDARD = gnu11;
				GCC_NO_COMMON_BLOCKS = YES;
				GCC_WARN_64_TO_32_BIT_CONVERSION = YES;
				GCC_WARN_ABOUT_RETURN_TYPE = YES_ERROR;
				GCC_WARN_UNDECLARED_SELECTOR = YES;
				GCC_WARN_UNINITIALIZED_AUTOS = YES_AGGRESSIVE;
				GCC_WARN_UNUSED_FUNCTION = YES;
				GCC_WARN_UNUSED_VARIABLE = YES;
				IPHONEOS_DEPLOYMENT_TARGET = 13.0;
				MTL_ENABLE_DEBUG_INFO = NO;
				MTL_FAST_MATH = YES;
				SDKROOT = iphoneos;
				SWIFT_COMPILATION_MODE = wholemodule;
				SWIFT_OPTIMIZATION_LEVEL = "-O";
				VALIDATE_PRODUCT = YES;
			};
			name = Release;
		};
		B269B0F32348D67600B4F7DA /* Debug */ = {
			isa = XCBuildConfiguration;
			baseConfigurationReference = 279434FE74CF24809C002404 /* Pods-Meteo.debug.xcconfig */;
			buildSettings = {
				ASSETCATALOG_COMPILER_APPICON_NAME = AppIcon;
				CODE_SIGN_STYLE = Automatic;
				DEVELOPMENT_TEAM = MLQB46LVMW;
				INFOPLIST_FILE = Meteo/Ressources/Configuration/Info.plist;
				LD_RUNPATH_SEARCH_PATHS = (
					"$(inherited)",
					"@executable_path/Frameworks",
				);
				OTHER_SWIFT_FLAGS = "$(inherited) -D COCOAPODS";
				PRODUCT_BUNDLE_IDENTIFIER = voodoocoding.Meteo;
				PRODUCT_NAME = "$(TARGET_NAME)";
				SWIFT_ACTIVE_COMPILATION_CONDITIONS = "";
				SWIFT_VERSION = 5.0;
				TARGETED_DEVICE_FAMILY = "1,2";
			};
			name = Debug;
		};
		B269B0F42348D67600B4F7DA /* Release */ = {
			isa = XCBuildConfiguration;
			baseConfigurationReference = 80C5223281E7DAF3E7523AB5 /* Pods-Meteo.release.xcconfig */;
			buildSettings = {
				ASSETCATALOG_COMPILER_APPICON_NAME = AppIcon;
				CODE_SIGN_STYLE = Automatic;
				DEVELOPMENT_TEAM = MLQB46LVMW;
				INFOPLIST_FILE = Meteo/Ressources/Configuration/Info.plist;
				LD_RUNPATH_SEARCH_PATHS = (
					"$(inherited)",
					"@executable_path/Frameworks",
				);
				PRODUCT_BUNDLE_IDENTIFIER = voodoocoding.Meteo;
				PRODUCT_NAME = "$(TARGET_NAME)";
				SWIFT_VERSION = 5.0;
				TARGETED_DEVICE_FAMILY = "1,2";
			};
			name = Release;
		};
		B269B0F62348D67600B4F7DA /* Debug */ = {
			isa = XCBuildConfiguration;
			baseConfigurationReference = E22CF4EAA599FDA0C7F84623 /* Pods-MeteoTests.debug.xcconfig */;
			buildSettings = {
				ALWAYS_EMBED_SWIFT_STANDARD_LIBRARIES = YES;
				BUNDLE_LOADER = "$(TEST_HOST)";
				CODE_SIGN_STYLE = Automatic;
				DEVELOPMENT_TEAM = MLQB46LVMW;
				INFOPLIST_FILE = MeteoTests/Info.plist;
				IPHONEOS_DEPLOYMENT_TARGET = 13.0;
				LD_RUNPATH_SEARCH_PATHS = (
					"$(inherited)",
					"@executable_path/Frameworks",
					"@loader_path/Frameworks",
				);
				PRODUCT_BUNDLE_IDENTIFIER = voodoocoding.MeteoTests;
				PRODUCT_NAME = "$(TARGET_NAME)";
				SWIFT_VERSION = 5.0;
				TARGETED_DEVICE_FAMILY = "1,2";
				TEST_HOST = "$(BUILT_PRODUCTS_DIR)/Meteo.app/Meteo";
			};
			name = Debug;
		};
		B269B0F72348D67600B4F7DA /* Release */ = {
			isa = XCBuildConfiguration;
			baseConfigurationReference = 0BA39AB34AC344486C892582 /* Pods-MeteoTests.release.xcconfig */;
			buildSettings = {
				ALWAYS_EMBED_SWIFT_STANDARD_LIBRARIES = YES;
				BUNDLE_LOADER = "$(TEST_HOST)";
				CODE_SIGN_STYLE = Automatic;
				DEVELOPMENT_TEAM = MLQB46LVMW;
				INFOPLIST_FILE = MeteoTests/Info.plist;
				IPHONEOS_DEPLOYMENT_TARGET = 13.0;
				LD_RUNPATH_SEARCH_PATHS = (
					"$(inherited)",
					"@executable_path/Frameworks",
					"@loader_path/Frameworks",
				);
				PRODUCT_BUNDLE_IDENTIFIER = voodoocoding.MeteoTests;
				PRODUCT_NAME = "$(TARGET_NAME)";
				SWIFT_VERSION = 5.0;
				TARGETED_DEVICE_FAMILY = "1,2";
				TEST_HOST = "$(BUILT_PRODUCTS_DIR)/Meteo.app/Meteo";
			};
			name = Release;
		};
		B29A141D234A537000D3C54E /* Debug */ = {
			isa = XCBuildConfiguration;
			baseConfigurationReference = 279434FE74CF24809C002404 /* Pods-Meteo.debug.xcconfig */;
			buildSettings = {
				ASSETCATALOG_COMPILER_APPICON_NAME = AppIcon;
				CODE_SIGN_STYLE = Automatic;
				DEVELOPMENT_TEAM = MLQB46LVMW;
				INFOPLIST_FILE = "$(SRCROOT)/Meteo_debug-Info.plist";
				LD_RUNPATH_SEARCH_PATHS = (
					"$(inherited)",
					"@executable_path/Frameworks",
				);
				OTHER_SWIFT_FLAGS = "$(inherited) -D COCOAPODS";
				PRODUCT_BUNDLE_IDENTIFIER = voodoocoding.Meteo;
				PRODUCT_NAME = "$(TARGET_NAME)";
				SWIFT_VERSION = 5.0;
				TARGETED_DEVICE_FAMILY = "1,2";
			};
			name = Debug;
		};
		B29A141E234A537000D3C54E /* Release */ = {
			isa = XCBuildConfiguration;
			baseConfigurationReference = 80C5223281E7DAF3E7523AB5 /* Pods-Meteo.release.xcconfig */;
			buildSettings = {
				ASSETCATALOG_COMPILER_APPICON_NAME = AppIcon;
				CODE_SIGN_STYLE = Automatic;
				DEVELOPMENT_TEAM = MLQB46LVMW;
				INFOPLIST_FILE = "$(SRCROOT)/Meteo_debug-Info.plist";
				LD_RUNPATH_SEARCH_PATHS = (
					"$(inherited)",
					"@executable_path/Frameworks",
				);
				OTHER_SWIFT_FLAGS = "$(inherited) -D COCOAPODS";
				PRODUCT_BUNDLE_IDENTIFIER = voodoocoding.Meteo;
				PRODUCT_NAME = "$(TARGET_NAME)";
				SWIFT_VERSION = 5.0;
				TARGETED_DEVICE_FAMILY = "1,2";
			};
			name = Release;
		};
/* End XCBuildConfiguration section */

/* Begin XCConfigurationList section */
		B269B0CE2348D67500B4F7DA /* Build configuration list for PBXProject "Meteo" */ = {
			isa = XCConfigurationList;
			buildConfigurations = (
				B269B0F02348D67600B4F7DA /* Debug */,
				B269B0F12348D67600B4F7DA /* Release */,
			);
			defaultConfigurationIsVisible = 0;
			defaultConfigurationName = Release;
		};
		B269B0F22348D67600B4F7DA /* Build configuration list for PBXNativeTarget "Meteo" */ = {
			isa = XCConfigurationList;
			buildConfigurations = (
				B269B0F32348D67600B4F7DA /* Debug */,
				B269B0F42348D67600B4F7DA /* Release */,
			);
			defaultConfigurationIsVisible = 0;
			defaultConfigurationName = Release;
		};
		B269B0F52348D67600B4F7DA /* Build configuration list for PBXNativeTarget "MeteoTests" */ = {
			isa = XCConfigurationList;
			buildConfigurations = (
				B269B0F62348D67600B4F7DA /* Debug */,
				B269B0F72348D67600B4F7DA /* Release */,
			);
			defaultConfigurationIsVisible = 0;
			defaultConfigurationName = Release;
		};
		B29A141C234A537000D3C54E /* Build configuration list for PBXNativeTarget "Meteo_debug" */ = {
			isa = XCConfigurationList;
			buildConfigurations = (
				B29A141D234A537000D3C54E /* Debug */,
				B29A141E234A537000D3C54E /* Release */,
			);
			defaultConfigurationIsVisible = 0;
			defaultConfigurationName = Release;
		};
/* End XCConfigurationList section */
	};
	rootObject = B269B0CB2348D67500B4F7DA /* Project object */;
}
